// !$*UTF8*$!
{
	archiveVersion = 1;
	classes = {
	};
	objectVersion = 56;
	objects = {

/* Begin PBXBuildFile section */
		AD663DB22A99D36E00405890 /* AppDelegate.swift in Sources */ = {isa = PBXBuildFile; fileRef = AD663DB12A99D36E00405890 /* AppDelegate.swift */; };
		AD663DB42A99D36E00405890 /* SceneDelegate.swift in Sources */ = {isa = PBXBuildFile; fileRef = AD663DB32A99D36E00405890 /* SceneDelegate.swift */; };
		AD663DB62A99D36E00405890 /* ViewController.swift in Sources */ = {isa = PBXBuildFile; fileRef = AD663DB52A99D36E00405890 /* ViewController.swift */; };
		AD663DB92A99D36E00405890 /* Main.storyboard in Resources */ = {isa = PBXBuildFile; fileRef = AD663DB72A99D36E00405890 /* Main.storyboard */; };
		AD663DBC2A99D36E00405890 /* stud.xcdatamodeld in Sources */ = {isa = PBXBuildFile; fileRef = AD663DBA2A99D36E00405890 /* stud.xcdatamodeld */; };
		AD663DBE2A99D37000405890 /* Assets.xcassets in Resources */ = {isa = PBXBuildFile; fileRef = AD663DBD2A99D37000405890 /* Assets.xcassets */; };
		AD663DC12A99D37000405890 /* LaunchScreen.storyboard in Resources */ = {isa = PBXBuildFile; fileRef = AD663DBF2A99D37000405890 /* LaunchScreen.storyboard */; };
		AD663DC92A99DEB400405890 /* StudentViewController.swift in Sources */ = {isa = PBXBuildFile; fileRef = AD663DC82A99DEB400405890 /* StudentViewController.swift */; };
		AD663DCB2A99DEC400405890 /* EditStudentViewController.swift in Sources */ = {isa = PBXBuildFile; fileRef = AD663DCA2A99DEC400405890 /* EditStudentViewController.swift */; };
		AD663DCD2A99E6C200405890 /* newViewController.swift in Sources */ = {isa = PBXBuildFile; fileRef = AD663DCC2A99E6C200405890 /* newViewController.swift */; };
/* End PBXBuildFile section */

/* Begin PBXFileReference section */
		AD663DAE2A99D36E00405890 /* stud.app */ = {isa = PBXFileReference; explicitFileType = wrapper.application; includeInIndex = 0; path = stud.app; sourceTree = BUILT_PRODUCTS_DIR; };
		AD663DB12A99D36E00405890 /* AppDelegate.swift */ = {isa = PBXFileReference; lastKnownFileType = sourcecode.swift; path = AppDelegate.swift; sourceTree = "<group>"; };
		AD663DB32A99D36E00405890 /* SceneDelegate.swift */ = {isa = PBXFileReference; lastKnownFileType = sourcecode.swift; path = SceneDelegate.swift; sourceTree = "<group>"; };
		AD663DB52A99D36E00405890 /* ViewController.swift */ = {isa = PBXFileReference; lastKnownFileType = sourcecode.swift; path = ViewController.swift; sourceTree = "<group>"; };
		AD663DB82A99D36E00405890 /* Base */ = {isa = PBXFileReference; lastKnownFileType = file.storyboard; name = Base; path = Base.lproj/Main.storyboard; sourceTree = "<group>"; };
		AD663DBB2A99D36E00405890 /* stud.xcdatamodel */ = {isa = PBXFileReference; lastKnownFileType = wrapper.xcdatamodel; path = stud.xcdatamodel; sourceTree = "<group>"; };
		AD663DBD2A99D37000405890 /* Assets.xcassets */ = {isa = PBXFileReference; lastKnownFileType = folder.assetcatalog; path = Assets.xcassets; sourceTree = "<group>"; };
		AD663DC02A99D37000405890 /* Base */ = {isa = PBXFileReference; lastKnownFileType = file.storyboard; name = Base; path = Base.lproj/LaunchScreen.storyboard; sourceTree = "<group>"; };
		AD663DC22A99D37000405890 /* Info.plist */ = {isa = PBXFileReference; lastKnownFileType = text.plist.xml; path = Info.plist; sourceTree = "<group>"; };
		AD663DC82A99DEB400405890 /* StudentViewController.swift */ = {isa = PBXFileReference; lastKnownFileType = sourcecode.swift; path = StudentViewController.swift; sourceTree = "<group>"; };
		AD663DCA2A99DEC400405890 /* EditStudentViewController.swift */ = {isa = PBXFileReference; lastKnownFileType = sourcecode.swift; path = EditStudentViewController.swift; sourceTree = "<group>"; };
		AD663DCC2A99E6C200405890 /* newViewController.swift */ = {isa = PBXFileReference; lastKnownFileType = sourcecode.swift; path = newViewController.swift; sourceTree = "<group>"; };
/* End PBXFileReference section */

/* Begin PBXFrameworksBuildPhase section */
		AD663DAB2A99D36E00405890 /* Frameworks */ = {
			isa = PBXFrameworksBuildPhase;
			buildActionMask = 2147483647;
			files = (
			);
			runOnlyForDeploymentPostprocessing = 0;
		};
/* End PBXFrameworksBuildPhase section */

/* Begin PBXGroup section */
		AD663DA52A99D36D00405890 = {
			isa = PBXGroup;
			children = (
				AD663DB02A99D36E00405890 /* stud */,
				AD663DAF2A99D36E00405890 /* Products */,
			);
			sourceTree = "<group>";
		};
		AD663DAF2A99D36E00405890 /* Products */ = {
			isa = PBXGroup;
			children = (
				AD663DAE2A99D36E00405890 /* stud.app */,
			);
			name = Products;
			sourceTree = "<group>";
		};
		AD663DB02A99D36E00405890 /* stud */ = {
			isa = PBXGroup;
			children = (
				AD663DB12A99D36E00405890 /* AppDelegate.swift */,
				AD663DB32A99D36E00405890 /* SceneDelegate.swift */,
				AD663DB52A99D36E00405890 /* ViewController.swift */,
				AD663DB72A99D36E00405890 /* Main.storyboard */,
				AD663DBD2A99D37000405890 /* Assets.xcassets */,
				AD663DBF2A99D37000405890 /* LaunchScreen.storyboard */,
				AD663DC22A99D37000405890 /* Info.plist */,
				AD663DBA2A99D36E00405890 /* stud.xcdatamodeld */,
				AD663DC82A99DEB400405890 /* StudentViewController.swift */,
				AD663DCA2A99DEC400405890 /* EditStudentViewController.swift */,
				AD663DCC2A99E6C200405890 /* newViewController.swift */,
			);
			path = stud;
			sourceTree = "<group>";
		};
/* End PBXGroup section */

/* Begin PBXNativeTarget section */
		AD663DAD2A99D36E00405890 /* stud */ = {
			isa = PBXNativeTarget;
			buildConfigurationList = AD663DC52A99D37000405890 /* Build configuration list for PBXNativeTarget "stud" */;
			buildPhases = (
				AD663DAA2A99D36E00405890 /* Sources */,
				AD663DAB2A99D36E00405890 /* Frameworks */,
				AD663DAC2A99D36E00405890 /* Resources */,
			);
			buildRules = (
			);
			dependencies = (
			);
			name = stud;
			productName = stud;
			productReference = AD663DAE2A99D36E00405890 /* stud.app */;
			productType = "com.apple.product-type.application";
		};
/* End PBXNativeTarget section */

/* Begin PBXProject section */
		AD663DA62A99D36D00405890 /* Project object */ = {
			isa = PBXProject;
			attributes = {
				BuildIndependentTargetsInParallel = 1;
				LastSwiftUpdateCheck = 1430;
				LastUpgradeCheck = 1430;
				TargetAttributes = {
					AD663DAD2A99D36E00405890 = {
						CreatedOnToolsVersion = 14.3.1;
					};
				};
			};
			buildConfigurationList = AD663DA92A99D36D00405890 /* Build configuration list for PBXProject "stud" */;
			compatibilityVersion = "Xcode 14.0";
			developmentRegion = en;
			hasScannedForEncodings = 0;
			knownRegions = (
				en,
				Base,
			);
			mainGroup = AD663DA52A99D36D00405890;
			productRefGroup = AD663DAF2A99D36E00405890 /* Products */;
			projectDirPath = "";
			projectRoot = "";
			targets = (
				AD663DAD2A99D36E00405890 /* stud */,
			);
		};
/* End PBXProject section */

/* Begin PBXResourcesBuildPhase section */
		AD663DAC2A99D36E00405890 /* Resources */ = {
			isa = PBXResourcesBuildPhase;
			buildActionMask = 2147483647;
			files = (
				AD663DC12A99D37000405890 /* LaunchScreen.storyboard in Resources */,
				AD663DBE2A99D37000405890 /* Assets.xcassets in Resources */,
				AD663DB92A99D36E00405890 /* Main.storyboard in Resources */,
			);
			runOnlyForDeploymentPostprocessing = 0;
		};
/* End PBXResourcesBuildPhase section */

/* Begin PBXSourcesBuildPhase section */
		AD663DAA2A99D36E00405890 /* Sources */ = {
			isa = PBXSourcesBuildPhase;
			buildActionMask = 2147483647;
			files = (
				AD663DCD2A99E6C200405890 /* newViewController.swift in Sources */,
				AD663DCB2A99DEC400405890 /* EditStudentViewController.swift in Sources */,
				AD663DC92A99DEB400405890 /* StudentViewController.swift in Sources */,
				AD663DB62A99D36E00405890 /* ViewController.swift in Sources */,
				AD663DBC2A99D36E00405890 /* stud.xcdatamodeld in Sources */,
				AD663DB22A99D36E00405890 /* AppDelegate.swift in Sources */,
				AD663DB42A99D36E00405890 /* SceneDelegate.swift in Sources */,
			);
			runOnlyForDeploymentPostprocessing = 0;
		};
/* End PBXSourcesBuildPhase section */

/* Begin PBXVariantGroup section */
		AD663DB72A99D36E00405890 /* Main.storyboard */ = {
			isa = PBXVariantGroup;
			children = (
				AD663DB82A99D36E00405890 /* Base */,
			);
			name = Main.storyboard;
			sourceTree = "<group>";
		};
		AD663DBF2A99D37000405890 /* LaunchScreen.storyboard */ = {
			isa = PBXVariantGroup;
			children = (
				AD663DC02A99D37000405890 /* Base */,
			);
			name = LaunchScreen.storyboard;
			sourceTree = "<group>";
		};
/* End PBXVariantGroup section */

/* Begin XCBuildConfiguration section */
		AD663DC32A99D37000405890 /* Debug */ = {
			isa = XCBuildConfiguration;
			buildSettings = {
				ALWAYS_SEARCH_USER_PATHS = NO;
				CLANG_ANALYZER_NONNULL = YES;
				CLANG_ANALYZER_NUMBER_OBJECT_CONVERSION = YES_AGGRESSIVE;
				CLANG_CXX_LANGUAGE_STANDARD = "gnu++20";
				CLANG_ENABLE_MODULES = YES;
				CLANG_ENABLE_OBJC_ARC = YES;
				CLANG_ENABLE_OBJC_WEAK = YES;
				CLANG_WARN_BLOCK_CAPTURE_AUTORELEASING = YES;
				CLANG_WARN_BOOL_CONVERSION = YES;
				CLANG_WARN_COMMA = YES;
				CLANG_WARN_CONSTANT_CONVERSION = YES;
				CLANG_WARN_DEPRECATED_OBJC_IMPLEMENTATIONS = YES;
				CLANG_WARN_DIRECT_OBJC_ISA_USAGE = YES_ERROR;
				CLANG_WARN_DOCUMENTATION_COMMENTS = YES;
				CLANG_WARN_EMPTY_BODY = YES;
				CLANG_WARN_ENUM_CONVERSION = YES;
				CLANG_WARN_INFINITE_RECURSION = YES;
				CLANG_WARN_INT_CONVERSION = YES;
				CLANG_WARN_NON_LITERAL_NULL_CONVERSION = YES;
				CLANG_WARN_OBJC_IMPLICIT_RETAIN_SELF = YES;
				CLANG_WARN_OBJC_LITERAL_CONVERSION = YES;
				CLANG_WARN_OBJC_ROOT_CLASS = YES_ERROR;
				CLANG_WARN_QUOTED_INCLUDE_IN_FRAMEWORK_HEADER = YES;
				CLANG_WARN_RANGE_LOOP_ANALYSIS = YES;
				CLANG_WARN_STRICT_PROTOTYPES = YES;
				CLANG_WARN_SUSPICIOUS_MOVE = YES;
				CLANG_WARN_UNGUARDED_AVAILABILITY = YES_AGGRESSIVE;
				CLANG_WARN_UNREACHABLE_CODE = YES;
				CLANG_WARN__DUPLICATE_METHOD_MATCH = YES;
				COPY_PHASE_STRIP = NO;
				DEBUG_INFORMATION_FORMAT = dwarf;
				ENABLE_STRICT_OBJC_MSGSEND = YES;
				ENABLE_TESTABILITY = YES;
				GCC_C_LANGUAGE_STANDARD = gnu11;
				GCC_DYNAMIC_NO_PIC = NO;
				GCC_NO_COMMON_BLOCKS = YES;
				GCC_OPTIMIZATION_LEVEL = 0;
				GCC_PREPROCESSOR_DEFINITIONS = (
					"DEBUG=1",
					"$(inherited)",
				);
				GCC_WARN_64_TO_32_BIT_CONVERSION = YES;
				GCC_WARN_ABOUT_RETURN_TYPE = YES_ERROR;
				GCC_WARN_UNDECLARED_SELECTOR = YES;
				GCC_WARN_UNINITIALIZED_AUTOS = YES_AGGRESSIVE;
				GCC_WARN_UNUSED_FUNCTION = YES;
				GCC_WARN_UNUSED_VARIABLE = YES;
				IPHONEOS_DEPLOYMENT_TARGET = 16.4;
				MTL_ENABLE_DEBUG_INFO = INCLUDE_SOURCE;
				MTL_FAST_MATH = YES;
				ONLY_ACTIVE_ARCH = YES;
				SDKROOT = iphoneos;
				SWIFT_ACTIVE_COMPILATION_CONDITIONS = DEBUG;
				SWIFT_OPTIMIZATION_LEVEL = "-Onone";
			};
			name = Debug;
		};
		AD663DC42A99D37000405890 /* Release */ = {
			isa = XCBuildConfiguration;
			buildSettings = {
				ALWAYS_SEARCH_USER_PATHS = NO;
				CLANG_ANALYZER_NONNULL = YES;
				CLANG_ANALYZER_NUMBER_OBJECT_CONVERSION = YES_AGGRESSIVE;
				CLANG_CXX_LANGUAGE_STANDARD = "gnu++20";
				CLANG_ENABLE_MODULES = YES;
				CLANG_ENABLE_OBJC_ARC = YES;
				CLANG_ENABLE_OBJC_WEAK = YES;
				CLANG_WARN_BLOCK_CAPTURE_AUTORELEASING = YES;
				CLANG_WARN_BOOL_CONVERSION = YES;
				CLANG_WARN_COMMA = YES;
				CLANG_WARN_CONSTANT_CONVERSION = YES;
				CLANG_WARN_DEPRECATED_OBJC_IMPLEMENTATIONS = YES;
				CLANG_WARN_DIRECT_OBJC_ISA_USAGE = YES_ERROR;
				CLANG_WARN_DOCUMENTATION_COMMENTS = YES;
				CLANG_WARN_EMPTY_BODY = YES;
				CLANG_WARN_ENUM_CONVERSION = YES;
				CLANG_WARN_INFINITE_RECURSION = YES;
				CLANG_WARN_INT_CONVERSION = YES;
				CLANG_WARN_NON_LITERAL_NULL_CONVERSION = YES;
				CLANG_WARN_OBJC_IMPLICIT_RETAIN_SELF = YES;
				CLANG_WARN_OBJC_LITERAL_CONVERSION = YES;
				CLANG_WARN_OBJC_ROOT_CLASS = YES_ERROR;
				CLANG_WARN_QUOTED_INCLUDE_IN_FRAMEWORK_HEADER = YES;
				CLANG_WARN_RANGE_LOOP_ANALYSIS = YES;
				CLANG_WARN_STRICT_PROTOTYPES = YES;
				CLANG_WARN_SUSPICIOUS_MOVE = YES;
				CLANG_WARN_UNGUARDED_AVAILABILITY = YES_AGGRESSIVE;
				CLANG_WARN_UNREACHABLE_CODE = YES;
				CLANG_WARN__DUPLICATE_METHOD_MATCH = YES;
				COPY_PHASE_STRIP = NO;
				DEBUG_INFORMATION_FORMAT = "dwarf-with-dsym";
				ENABLE_NS_ASSERTIONS = NO;
				ENABLE_STRICT_OBJC_MSGSEND = YES;
				GCC_C_LANGUAGE_STANDARD = gnu11;
				GCC_NO_COMMON_BLOCKS = YES;
				GCC_WARN_64_TO_32_BIT_CONVERSION = YES;
				GCC_WARN_ABOUT_RETURN_TYPE = YES_ERROR;
				GCC_WARN_UNDECLARED_SELECTOR = YES;
				GCC_WARN_UNINITIALIZED_AUTOS = YES_AGGRESSIVE;
				GCC_WARN_UNUSED_FUNCTION = YES;
				GCC_WARN_UNUSED_VARIABLE = YES;
				IPHONEOS_DEPLOYMENT_TARGET = 16.4;
				MTL_ENABLE_DEBUG_INFO = NO;
				MTL_FAST_MATH = YES;
				SDKROOT = iphoneos;
				SWIFT_COMPILATION_MODE = wholemodule;
				SWIFT_OPTIMIZATION_LEVEL = "-O";
				VALIDATE_PRODUCT = YES;
			};
			name = Release;
		};
		AD663DC62A99D37000405890 /* Debug */ = {
			isa = XCBuildConfiguration;
			buildSettings = {
				ASSETCATALOG_COMPILER_APPICON_NAME = AppIcon;
				ASSETCATALOG_COMPILER_GLOBAL_ACCENT_COLOR_NAME = AccentColor;
				CODE_SIGN_STYLE = Automatic;
				CURRENT_PROJECT_VERSION = 1;
				GENERATE_INFOPLIST_FILE = YES;
				INFOPLIST_FILE = stud/Info.plist;
				INFOPLIST_KEY_UIApplicationSupportsIndirectInputEvents = YES;
				INFOPLIST_KEY_UILaunchStoryboardName = LaunchScreen;
				INFOPLIST_KEY_UIMainStoryboardFile = Main;
				INFOPLIST_KEY_UISupportedInterfaceOrientations_iPad = "UIInterfaceOrientationPortrait UIInterfaceOrientationPortraitUpsideDown UIInterfaceOrientationLandscapeLeft UIInterfaceOrientationLandscapeRight";
				INFOPLIST_KEY_UISupportedInterfaceOrientations_iPhone = "UIInterfaceOrientationPortrait UIInterfaceOrientationLandscapeLeft UIInterfaceOrientationLandscapeRight";
				LD_RUNPATH_SEARCH_PATHS = (
					"$(inherited)",
					"@executable_path/Frameworks",
				);
				MARKETING_VERSION = 1.0;
				PRODUCT_BUNDLE_IDENTIFIER = com.example.stud;
				PRODUCT_NAME = "$(TARGET_NAME)";
				SWIFT_EMIT_LOC_STRINGS = YES;
				SWIFT_VERSION = 5.0;
				TARGETED_DEVICE_FAMILY = "1,2";
			};
			name = Debug;
		};
		AD663DC72A99D37000405890 /* Release */ = {
			isa = XCBuildConfiguration;
			buildSettings = {
				ASSETCATALOG_COMPILER_APPICON_NAME = AppIcon;
				ASSETCATALOG_COMPILER_GLOBAL_ACCENT_COLOR_NAME = AccentColor;
				CODE_SIGN_STYLE = Automatic;
				CURRENT_PROJECT_VERSION = 1;
				GENERATE_INFOPLIST_FILE = YES;
				INFOPLIST_FILE = stud/Info.plist;
				INFOPLIST_KEY_UIApplicationSupportsIndirectInputEvents = YES;
				INFOPLIST_KEY_UILaunchStoryboardName = LaunchScreen;
				INFOPLIST_KEY_UIMainStoryboardFile = Main;
				INFOPLIST_KEY_UISupportedInterfaceOrientations_iPad = "UIInterfaceOrientationPortrait UIInterfaceOrientationPortraitUpsideDown UIInterfaceOrientationLandscapeLeft UIInterfaceOrientationLandscapeRight";
				INFOPLIST_KEY_UISupportedInterfaceOrientations_iPhone = "UIInterfaceOrientationPortrait UIInterfaceOrientationLandscapeLeft UIInterfaceOrientationLandscapeRight";
				LD_RUNPATH_SEARCH_PATHS = (
					"$(inherited)",
					"@executable_path/Frameworks",
				);
				MARKETING_VERSION = 1.0;
				PRODUCT_BUNDLE_IDENTIFIER = com.example.stud;
				PRODUCT_NAME = "$(TARGET_NAME)";
				SWIFT_EMIT_LOC_STRINGS = YES;
				SWIFT_VERSION = 5.0;
				TARGETED_DEVICE_FAMILY = "1,2";
			};
			name = Release;
		};
/* End XCBuildConfiguration section */

/* Begin XCConfigurationList section */
		AD663DA92A99D36D00405890 /* Build configuration list for PBXProject "stud" */ = {
			isa = XCConfigurationList;
			buildConfigurations = (
				AD663DC32A99D37000405890 /* Debug */,
				AD663DC42A99D37000405890 /* Release */,
			);
			defaultConfigurationIsVisible = 0;
			defaultConfigurationName = Release;
		};
		AD663DC52A99D37000405890 /* Build configuration list for PBXNativeTarget "stud" */ = {
			isa = XCConfigurationList;
			buildConfigurations = (
				AD663DC62A99D37000405890 /* Debug */,
				AD663DC72A99D37000405890 /* Release */,
			);
			defaultConfigurationIsVisible = 0;
			defaultConfigurationName = Release;
		};
/* End XCConfigurationList section */

/* Begin XCVersionGroup section */
		AD663DBA2A99D36E00405890 /* stud.xcdatamodeld */ = {
			isa = XCVersionGroup;
			children = (
				AD663DBB2A99D36E00405890 /* stud.xcdatamodel */,
			);
			currentVersion = AD663DBB2A99D36E00405890 /* stud.xcdatamodel */;
			path = stud.xcdatamodeld;
			sourceTree = "<group>";
			versionGroupType = wrapper.xcdatamodel;
		};
/* End XCVersionGroup section */
	};
	rootObject = AD663DA62A99D36D00405890 /* Project object */;
}
